{
  "name": "qif",
  "version": "1.0.0",
  "lockfileVersion": 1,
  "requires": true,
  "dependencies": {
    "@prudent/encode": {
      "version": "2.2.0",
      "resolved": "https://registry.npmjs.org/@prudent/encode/-/encode-2.2.0.tgz",
      "integrity": "sha512-t25iTgmAknaZsN+/lmHjYkaScXZ0DzPKOHhERuZVbNfrgIqMDETxcF72XSJEHZThpU/6+1hlMGnSSC3PTP1Prw==",
      "requires": {
        "dateformat": "3.0.3"
      }
    },
    "@prudent/text-import": {
      "version": "2.0.0",
      "resolved": "https://registry.npmjs.org/@prudent/text-import/-/text-import-2.0.0.tgz",
      "integrity": "sha512-6Iwl8w0NDXcklNebMl12n+HrMGUQBdkIfkM3zISlxduYJcxdlbZxOttsAhUtw1oF6Pqh+dhw+sZmqu5vgLMDrQ==",
      "requires": {
        "@prudent/encode": "2.2.0"
      }
    },
    "dateformat": {
      "version": "3.0.3",
      "resolved": "https://registry.npmjs.org/dateformat/-/dateformat-3.0.3.tgz",
      "integrity": "sha512-jyCETtSl3VMZMWeRo7iY1FL19ges1t55hMo5yaam4Jrsm5EPL89UQkoQRyiI+Yf4k8r2ZpdngkV8hr1lIdjb3Q=="
    },
    "iconv": {
      "version": "2.3.2",
      "resolved": "https://registry.npmjs.org/iconv/-/iconv-2.3.2.tgz",
      "integrity": "sha512-BDZ6vxEFhU6oWrtKEsEREMrxjDn2FccWHVMicUrgq3Ngij9jvh/jsP90K1UbMIavagkJ7EOagr+cJh8P9Jq5Qw==",
      "requires": {
        "nan": "2.12.1",
        "safer-buffer": "2.1.2"
      }
    },
    "jschardet": {
      "version": "1.6.0",
      "resolved": "https://registry.npmjs.org/jschardet/-/jschardet-1.6.0.tgz",
      "integrity": "sha512-xYuhvQ7I9PDJIGBWev9xm0+SMSed3ZDBAmvVjbFR1ZRLAF+vlXcQu6cRI9uAlj81rzikElRVteehwV7DuX2ZmQ=="
    },
    "nan": {
      "version": "2.12.1",
      "resolved": "https://registry.npmjs.org/nan/-/nan-2.12.1.tgz",
      "integrity": "sha512-JY7V6lRkStKcKTvHO5NVSQRv+RV+FIL5pvDoLiAtSL9pKlC5x9PKQcZDsq7m4FO4d57mkhC6Z+QhAh3Jdk5JFw=="
    },
    "qif2json": {
      "version": "0.3.0",
      "resolved": "https://registry.npmjs.org/qif2json/-/qif2json-0.3.0.tgz",
      "integrity": "sha512-vl5BAARPFbaukj5xcGlnHiM3UMiszV8hunoUHfY6XjDIUeUVifz+Ku0zWnDGnCQEeKEu1Y9ic+LiYOwqIIVcKA==",
      "requires": {
        "iconv": "2.3.2",
        "jschardet": "1.6.0"
      }
    },
    "safer-buffer": {
      "version": "2.1.2",
      "resolved": "https://registry.npmjs.org/safer-buffer/-/safer-buffer-2.1.2.tgz",
      "integrity": "sha512-YZo3K82SD7Riyi0E1EQPojLz7kpepnSQI9IyPbHHg1XXXevb5dJI7tpyN2ADxGcQbHG7vcyRHk0cbwqcQriUtg=="
    }
  }
}
